
Microsoft Visual Studio Solution File, Format Version 12.00
# Visual Studio Version 18
VisualStudioVersion = 18.10.12217.157
MinimumVisualStudioVersion = 10.0.40219.1
Project("{FAE04EC0-301F-11D3-BF4B-00C04F79EFBC}") = "AudioParsing.Console", "src\AudioParsing.Console\AudioParsing.Console.csproj", "{A1B2C3D4-E5F6-47A8-9012-3456789ABCDE}"
EndProject
Project("{FAE04EC0-301F-11D3-BF4B-00C04F79EFBC}") = "AudioParsing.Core", "src\AudioParsing.Core\AudioParsing.Core.csproj", "{C3D4E5F6-A7B8-49C0-1234-56789ABCDEF0}"
EndProject
Project("{FAE04EC0-301F-11D3-BF4B-00C04F79EFBC}") = "AudioParsing.LocalStt", "src\AudioParsing.LocalStt\AudioParsing.LocalStt.csproj", "{F5A6B7C8-D9E0-41F2-3456-789ABCDEF012}"
EndProject
Project("{FAE04EC0-301F-11D3-BF4B-00C04F79EFBC}") = "AudioParsing.Tests", "tests\AudioParsing.Tests\AudioParsing.Tests.csproj", "{B2C3D4E5-F6A7-48B9-0123-456789ABCDEF}"
EndProject
Project("{2150E333-8FDC-42A3-9474-1A3956D46DE8}") = "src", "src", "{827E0CD3-B72D-47B6-A68D-7590B98EB39B}"
EndProject
Project("{FAE04EC0-301F-11D3-BF4B-00C04F79EFBC}") = "AudioParsing.Win", "src\AudioParsing.Win\AudioParsing.Win.csproj", "{1B4FBAEB-065B-4250-829A-4F5296E2DEC3}"
EndProject
Project("{2150E333-8FDC-42A3-9474-1A3956D46DE8}") = "tests", "tests", "{0AB3BF05-4346-4AA6-1389-037BE0695223}"
EndProject
Project("{FAE04EC0-301F-11D3-BF4B-00C04F79EFBC}") = "AudioParsing.Win.Tests", "tests\AudioParsing.Win.Tests\AudioParsing.Win.Tests.csproj", "{D84B0E81-54B9-4C19-B0DC-6FEBCDF0CD2C}"
EndProject
Project("{2150E333-8FDC-42A3-9474-1A3956D46DE8}") = "apps", "apps", "{B64362E4-ACF2-469E-A299-67A219B3FB3D}"
EndProject
Project("{FAE04EC0-301F-11D3-BF4B-00C04F79EFBC}") = "AudioParsing.LocalSummary", "src\AudioParsing.LocalSummary\AudioParsing.LocalSummary.csproj", "{5D6B92E1-F4E6-4603-ADF0-127141AB0803}"
EndProject
Global
	GlobalSection(SolutionConfigurationPlatforms) = preSolution
		Debug|Any CPU = Debug|Any CPU
		Debug|x64 = Debug|x64
		Debug|x86 = Debug|x86
		Release|Any CPU = Release|Any CPU
		Release|x64 = Release|x64
		Release|x86 = Release|x86
	EndGlobalSection
	GlobalSection(ProjectConfigurationPlatforms) = postSolution
		{A1B2C3D4-E5F6-47A8-9012-3456789ABCDE}.Debug|Any CPU.ActiveCfg = Debug|Any CPU
		{A1B2C3D4-E5F6-47A8-9012-3456789ABCDE}.Debug|Any CPU.Build.0 = Debug|Any CPU
		{A1B2C3D4-E5F6-47A8-9012-3456789ABCDE}.Debug|x64.ActiveCfg = Debug|Any CPU
		{A1B2C3D4-E5F6-47A8-9012-3456789ABCDE}.Debug|x64.Build.0 = Debug|Any CPU
		{A1B2C3D4-E5F6-47A8-9012-3456789ABCDE}.Debug|x86.ActiveCfg = Debug|Any CPU
		{A1B2C3D4-E5F6-47A8-9012-3456789ABCDE}.Debug|x86.Build.0 = Debug|Any CPU
		{A1B2C3D4-E5F6-47A8-9012-3456789ABCDE}.Release|Any CPU.ActiveCfg = Release|Any CPU
		{A1B2C3D4-E5F6-47A8-9012-3456789ABCDE}.Release|Any CPU.Build.0 = Release|Any CPU
		{A1B2C3D4-E5F6-47A8-9012-3456789ABCDE}.Release|x64.ActiveCfg = Release|Any CPU
		{A1B2C3D4-E5F6-47A8-9012-3456789ABCDE}.Release|x64.Build.0 = Release|Any CPU
		{A1B2C3D4-E5F6-47A8-9012-3456789ABCDE}.Release|x86.ActiveCfg = Release|Any CPU
		{A1B2C3D4-E5F6-47A8-9012-3456789ABCDE}.Release|x86.Build.0 = Release|Any CPU
		{C3D4E5F6-A7B8-49C0-1234-56789ABCDEF0}.Debug|Any CPU.ActiveCfg = Debug|Any CPU
		{C3D4E5F6-A7B8-49C0-1234-56789ABCDEF0}.Debug|Any CPU.Build.0 = Debug|Any CPU
		{C3D4E5F6-A7B8-49C0-1234-56789ABCDEF0}.Debug|x64.ActiveCfg = Debug|Any CPU
		{C3D4E5F6-A7B8-49C0-1234-56789ABCDEF0}.Debug|x64.Build.0 = Debug|Any CPU
		{C3D4E5F6-A7B8-49C0-1234-56789ABCDEF0}.Debug|x86.ActiveCfg = Debug|Any CPU
		{C3D4E5F6-A7B8-49C0-1234-56789ABCDEF0}.Debug|x86.Build.0 = Debug|Any CPU
		{C3D4E5F6-A7B8-49C0-1234-56789ABCDEF0}.Release|Any CPU.ActiveCfg = Release|Any CPU
		{C3D4E5F6-A7B8-49C0-1234-56789ABCDEF0}.Release|Any CPU.Build.0 = Release|Any CPU
		{C3D4E5F6-A7B8-49C0-1234-56789ABCDEF0}.Release|x64.ActiveCfg = Release|Any CPU
		{C3D4E5F6-A7B8-49C0-1234-56789ABCDEF0}.Release|x64.Build.0 = Release|Any CPU
		{C3D4E5F6-A7B8-49C0-1234-56789ABCDEF0}.Release|x86.ActiveCfg = Release|Any CPU
		{C3D4E5F6-A7B8-49C0-1234-56789ABCDEF0}.Release|x86.Build.0 = Release|Any CPU
		{F5A6B7C8-D9E0-41F2-3456-789ABCDEF012}.Debug|Any CPU.ActiveCfg = Debug|Any CPU
		{F5A6B7C8-D9E0-41F2-3456-789ABCDEF012}.Debug|Any CPU.Build.0 = Debug|Any CPU
		{F5A6B7C8-D9E0-41F2-3456-789ABCDEF012}.Debug|x64.ActiveCfg = Debug|Any CPU
		{F5A6B7C8-D9E0-41F2-3456-789ABCDEF012}.Debug|x64.Build.0 = Debug|Any CPU
		{F5A6B7C8-D9E0-41F2-3456-789ABCDEF012}.Debug|x86.ActiveCfg = Debug|Any CPU
		{F5A6B7C8-D9E0-41F2-3456-789ABCDEF012}.Debug|x86.Build.0 = Debug|Any CPU
		{F5A6B7C8-D9E0-41F2-3456-789ABCDEF012}.Release|Any CPU.ActiveCfg = Release|Any CPU
		{F5A6B7C8-D9E0-41F2-3456-789ABCDEF012}.Release|Any CPU.Build.0 = Release|Any CPU
		{F5A6B7C8-D9E0-41F2-3456-789ABCDEF012}.Release|x64.ActiveCfg = Release|Any CPU
		{F5A6B7C8-D9E0-41F2-3456-789ABCDEF012}.Release|x64.Build.0 = Release|Any CPU
		{F5A6B7C8-D9E0-41F2-3456-789ABCDEF012}.Release|x86.ActiveCfg = Release|Any CPU
		{F5A6B7C8-D9E0-41F2-3456-789ABCDEF012}.Release|x86.Build.0 = Release|Any CPU
		{B2C3D4E5-F6A7-48B9-0123-456789ABCDEF}.Debug|Any CPU.ActiveCfg = Debug|Any CPU
		{B2C3D4E5-F6A7-48B9-0123-456789ABCDEF}.Debug|Any CPU.Build.0 = Debug|Any CPU
		{B2C3D4E5-F6A7-48B9-0123-456789ABCDEF}.Debug|x64.ActiveCfg = Debug|Any CPU
		{B2C3D4E5-F6A7-48B9-0123-456789ABCDEF}.Debug|x64.Build.0 = Debug|Any CPU
		{B2C3D4E5-F6A7-48B9-0123-456789ABCDEF}.Debug|x86.ActiveCfg = Debug|Any CPU
		{B2C3D4E5-F6A7-48B9-0123-456789ABCDEF}.Debug|x86.Build.0 = Debug|Any CPU
		{B2C3D4E5-F6A7-48B9-0123-456789ABCDEF}.Release|Any CPU.ActiveCfg = Release|Any CPU
		{B2C3D4E5-F6A7-48B9-0123-456789ABCDEF}.Release|Any CPU.Build.0 = Release|Any CPU
		{B2C3D4E5-F6A7-48B9-0123-456789ABCDEF}.Release|x64.ActiveCfg = Release|Any CPU
		{B2C3D4E5-F6A7-48B9-0123-456789ABCDEF}.Release|x64.Build.0 = Release|Any CPU
		{B2C3D4E5-F6A7-48B9-0123-456789ABCDEF}.Release|x86.ActiveCfg = Release|Any CPU
		{B2C3D4E5-F6A7-48B9-0123-456789ABCDEF}.Release|x86.Build.0 = Release|Any CPU
		{1B4FBAEB-065B-4250-829A-4F5296E2DEC3}.Debug|Any CPU.ActiveCfg = Debug|Any CPU
		{1B4FBAEB-065B-4250-829A-4F5296E2DEC3}.Debug|Any CPU.Build.0 = Debug|Any CPU
		{1B4FBAEB-065B-4250-829A-4F5296E2DEC3}.Debug|x64.ActiveCfg = Debug|Any CPU
		{1B4FBAEB-065B-4250-829A-4F5296E2DEC3}.Debug|x64.Build.0 = Debug|Any CPU
		{1B4FBAEB-065B-4250-829A-4F5296E2DEC3}.Debug|x86.ActiveCfg = Debug|Any CPU
		{1B4FBAEB-065B-4250-829A-4F5296E2DEC3}.Debug|x86.Build.0 = Debug|Any CPU
		{1B4FBAEB-065B-4250-829A-4F5296E2DEC3}.Release|Any CPU.ActiveCfg = Release|Any CPU
		{1B4FBAEB-065B-4250-829A-4F5296E2DEC3}.Release|Any CPU.Build.0 = Release|Any CPU
		{1B4FBAEB-065B-4250-829A-4F5296E2DEC3}.Release|x64.ActiveCfg = Release|Any CPU
		{1B4FBAEB-065B-4250-829A-4F5296E2DEC3}.Release|x64.Build.0 = Release|Any CPU
		{1B4FBAEB-065B-4250-829A-4F5296E2DEC3}.Release|x86.ActiveCfg = Release|Any CPU
		{1B4FBAEB-065B-4250-829A-4F5296E2DEC3}.Release|x86.Build.0 = Release|Any CPU
		{D84B0E81-54B9-4C19-B0DC-6FEBCDF0CD2C}.Debug|Any CPU.ActiveCfg = Debug|Any CPU
		{D84B0E81-54B9-4C19-B0DC-6FEBCDF0CD2C}.Debug|Any CPU.Build.0 = Debug|Any CPU
		{D84B0E81-54B9-4C19-B0DC-6FEBCDF0CD2C}.Debug|x64.ActiveCfg = Debug|Any CPU
		{D84B0E81-54B9-4C19-B0DC-6FEBCDF0CD2C}.Debug|x64.Build.0 = Debug|Any CPU
		{D84B0E81-54B9-4C19-B0DC-6FEBCDF0CD2C}.Debug|x86.ActiveCfg = Debug|Any CPU
		{D84B0E81-54B9-4C19-B0DC-6FEBCDF0CD2C}.Debug|x86.Build.0 = Debug|Any CPU
		{D84B0E81-54B9-4C19-B0DC-6FEBCDF0CD2C}.Release|Any CPU.ActiveCfg = Release|Any CPU
		{D84B0E81-54B9-4C19-B0DC-6FEBCDF0CD2C}.Release|Any CPU.Build.0 = Release|Any CPU
		{D84B0E81-54B9-4C19-B0DC-6FEBCDF0CD2C}.Release|x64.ActiveCfg = Release|Any CPU
		{D84B0E81-54B9-4C19-B0DC-6FEBCDF0CD2C}.Release|x64.Build.0 = Release|Any CPU
		{D84B0E81-54B9-4C19-B0DC-6FEBCDF0CD2C}.Release|x86.ActiveCfg = Release|Any CPU
		{D84B0E81-54B9-4C19-B0DC-6FEBCDF0CD2C}.Release|x86.Build.0 = Release|Any CPU
		{5D6B92E1-F4E6-4603-ADF0-127141AB0803}.Debug|Any CPU.ActiveCfg = Debug|Any CPU
		{5D6B92E1-F4E6-4603-ADF0-127141AB0803}.Debug|Any CPU.Build.0 = Debug|Any CPU
		{5D6B92E1-F4E6-4603-ADF0-127141AB0803}.Debug|x64.ActiveCfg = Debug|Any CPU
		{5D6B92E1-F4E6-4603-ADF0-127141AB0803}.Debug|x64.Build.0 = Debug|Any CPU
		{5D6B92E1-F4E6-4603-ADF0-127141AB0803}.Debug|x86.ActiveCfg = Debug|Any CPU
		{5D6B92E1-F4E6-4603-ADF0-127141AB0803}.Debug|x86.Build.0 = Debug|Any CPU
		{5D6B92E1-F4E6-4603-ADF0-127141AB0803}.Release|Any CPU.ActiveCfg = Release|Any CPU
		{5D6B92E1-F4E6-4603-ADF0-127141AB0803}.Release|Any CPU.Build.0 = Release|Any CPU
		{5D6B92E1-F4E6-4603-ADF0-127141AB0803}.Release|x64.ActiveCfg = Release|Any CPU
		{5D6B92E1-F4E6-4603-ADF0-127141AB0803}.Release|x64.Build.0 = Release|Any CPU
		{5D6B92E1-F4E6-4603-ADF0-127141AB0803}.Release|x86.ActiveCfg = Release|Any CPU
		{5D6B92E1-F4E6-4603-ADF0-127141AB0803}.Release|x86.Build.0 = Release|Any CPU
	EndGlobalSection
	GlobalSection(SolutionProperties) = preSolution
		HideSolutionNode = FALSE
	EndGlobalSection
	GlobalSection(NestedProjects) = preSolution
		{A1B2C3D4-E5F6-47A8-9012-3456789ABCDE} = {B64362E4-ACF2-469E-A299-67A219B3FB3D}
		{C3D4E5F6-A7B8-49C0-1234-56789ABCDEF0} = {827E0CD3-B72D-47B6-A68D-7590B98EB39B}
		{F5A6B7C8-D9E0-41F2-3456-789ABCDEF012} = {827E0CD3-B72D-47B6-A68D-7590B98EB39B}
		{B2C3D4E5-F6A7-48B9-0123-456789ABCDEF} = {827E0CD3-B72D-47B6-A68D-7590B98EB39B}
		{1B4FBAEB-065B-4250-829A-4F5296E2DEC3} = {B64362E4-ACF2-469E-A299-67A219B3FB3D}
		{D84B0E81-54B9-4C19-B0DC-6FEBCDF0CD2C} = {0AB3BF05-4346-4AA6-1389-037BE0695223}
		{5D6B92E1-F4E6-4603-ADF0-127141AB0803} = {827E0CD3-B72D-47B6-A68D-7590B98EB39B}
	EndGlobalSection
EndGlobal
